
Microsoft Visual Studio Solution File, Format Version 12.00
# Visual Studio 15
VisualStudioVersion = 15.0.27703.2042
MinimumVisualStudioVersion = 10.0.40219.1
Project("{8BC9CEB8-8B4A-11D0-8D11-00A0C91BC942}") = "EZipUtils", "EZipUtils\EZipUtils.vcxproj", "{CC9E72FC-7321-441A-BF71-F8698F53D18F}"
EndProject
Global
	GlobalSection(SolutionConfigurationPlatforms) = preSolution
		Debug|x64 = Debug|x64
		Debug|x86 = Debug|x86
		Release|x64 = Release|x64
		Release|x86 = Release|x86
		Static|x64 = Static|x64
		Static|x86 = Static|x86
	EndGlobalSection
	GlobalSection(ProjectConfigurationPlatforms) = postSolution
		{CC9E72FC-7321-441A-BF71-F8698F53D18F}.Debug|x64.ActiveCfg = Debug|x64
		{CC9E72FC-7321-441A-BF71-F8698F53D18F}.Debug|x64.Build.0 = Debug|x64
		{CC9E72FC-7321-441A-BF71-F8698F53D18F}.Debug|x86.ActiveCfg = Debug|Win32
		{CC9E72FC-7321-441A-BF71-F8698F53D18F}.Debug|x86.Build.0 = Debug|Win32
		{CC9E72FC-7321-441A-BF71-F8698F53D18F}.Release|x64.ActiveCfg = Release|x64
		{CC9E72FC-7321-441A-BF71-F8698F53D18F}.Release|x64.Build.0 = Release|x64
		{CC9E72FC-7321-441A-BF71-F8698F53D18F}.Release|x86.ActiveCfg = Release|Win32
		{CC9E72FC-7321-441A-BF71-F8698F53D18F}.Release|x86.Build.0 = Release|Win32
		{CC9E72FC-7321-441A-BF71-F8698F53D18F}.Static|x64.ActiveCfg = Static|x64
		{CC9E72FC-7321-441A-BF71-F8698F53D18F}.Static|x64.Build.0 = Static|x64
		{CC9E72FC-7321-441A-BF71-F8698F53D18F}.Static|x86.ActiveCfg = Static|Win32
		{CC9E72FC-7321-441A-BF71-F8698F53D18F}.Static|x86.Build.0 = Static|Win32
	EndGlobalSection
	GlobalSection(SolutionProperties) = preSolution
		HideSolutionNode = FALSE
	EndGlobalSection
	GlobalSection(ExtensibilityGlobals) = postSolution
		SolutionGuid = {7133BA36-835C-418C-BD75-D4F3E9FA9278}
	EndGlobalSection
EndGlobal
