<?xml version="1.0" encoding="utf-8"?>
<Project ToolsVersion="4.0" xmlns="http://schemas.microsoft.com/developer/msbuild/2003">
  <ItemGroup>
    <Filter Include="Source Files">
      <UniqueIdentifier>{adf5b35e-789f-4b2d-9f8d-b6b2600954dd}</UniqueIdentifier>
      <Extensions>cpp;c;cxx;rc;def;r;odl;idl;hpj;bat</Extensions>
    </Filter>
    <Filter Include="Header Files">
      <UniqueIdentifier>{010e7932-8b99-4ef4-bc00-12ca148c76d6}</UniqueIdentifier>
      <Extensions>h;hpp;hxx;hm;inl</Extensions>
    </Filter>
    <Filter Include="squirrel">
      <UniqueIdentifier>{50974ade-675d-4919-8c96-bbb27323cffb}</UniqueIdentifier>
    </Filter>
    <Filter Include="Resource Files">
      <UniqueIdentifier>{4c10b97e-c4d4-48cb-a2e2-221220929985}</UniqueIdentifier>
      <Extensions>ico;cur;bmp;dlg;rc2;rct;bin;rgs;gif;jpg;jpeg;jpe</Extensions>
    </Filter>
  </ItemGroup>
  <ItemGroup>
    <ClCompile Include="esquirrel3.cpp">
      <Filter>Source Files</Filter>
    </ClCompile>
    <ClCompile Include="helper.cpp">
      <Filter>Source Files</Filter>
    </ClCompile>
  </ItemGroup>
  <ItemGroup>
    <ClInclude Include="esquirrel3.h">
      <Filter>Header Files</Filter>
    </ClInclude>
    <ClInclude Include="squirrel3\include\sqconfig.h">
      <Filter>squirrel</Filter>
    </ClInclude>
    <ClInclude Include="squirrel3\include\sqstdaux.h">
      <Filter>squirrel</Filter>
    </ClInclude>
    <ClInclude Include="squirrel3\include\sqstdblob.h">
      <Filter>squirrel</Filter>
    </ClInclude>
    <ClInclude Include="squirrel3\include\sqstdio.h">
      <Filter>squirrel</Filter>
    </ClInclude>
    <ClInclude Include="squirrel3\include\sqstdmath.h">
      <Filter>squirrel</Filter>
    </ClInclude>
    <ClInclude Include="squirrel3\include\sqstdstring.h">
      <Filter>squirrel</Filter>
    </ClInclude>
    <ClInclude Include="squirrel3\include\sqstdsystem.h">
      <Filter>squirrel</Filter>
    </ClInclude>
    <ClInclude Include="squirrel3\include\squirrel.h">
      <Filter>squirrel</Filter>
    </ClInclude>
    <ClInclude Include="helper.h">
      <Filter>Header Files</Filter>
    </ClInclude>
  </ItemGroup>
  <ItemGroup>
    <Text Include="ReadMe.txt" />
  </ItemGroup>
  <ItemGroup>
    <CustomBuild Include="esquirrel3.def">
      <Filter>Source Files</Filter>
    </CustomBuild>
  </ItemGroup>
</Project>